// !$*UTF8*$!
{
	archiveVersion = 1;
	classes = {
	};
	objectVersion = 56;
	objects = {

/* Begin PBXBuildFile section */
		1F3955302D099534004DEC2B /* PrimaryButton.swift in Sources */ = {isa = PBXBuildFile; fileRef = 1F39552F2D09952E004DEC2B /* PrimaryButton.swift */; };
		1F3955352D099625004DEC2B /* Color.swift in Sources */ = {isa = PBXBuildFile; fileRef = 1F3955342D099622004DEC2B /* Color.swift */; };
		1FA6EB462D07FDFF0078EAA8 /* SplashView.swift in Sources */ = {isa = PBXBuildFile; fileRef = 1FA6EB452D07FDF30078EAA8 /* SplashView.swift */; };
		1FB6BA862D09FD9500822FDB /* FirebaseAuth in Frameworks */ = {isa = PBXBuildFile; productRef = 1FB6BA852D09FD9500822FDB /* FirebaseAuth */; };
		1FB6BA882D09FD9500822FDB /* FirebaseCore in Frameworks */ = {isa = PBXBuildFile; productRef = 1FB6BA872D09FD9500822FDB /* FirebaseCore */; };
		1FB6BA8A2D09FD9500822FDB /* FirebaseFirestore in Frameworks */ = {isa = PBXBuildFile; productRef = 1FB6BA892D09FD9500822FDB /* FirebaseFirestore */; };
		1FB6BA8C2D09FD9500822FDB /* FirebaseMessaging in Frameworks */ = {isa = PBXBuildFile; productRef = 1FB6BA8B2D09FD9500822FDB /* FirebaseMessaging */; };
		1FB6BA922D0AF74100822FDB /* AgreementsView.swift in Sources */ = {isa = PBXBuildFile; fileRef = 1FB6BA912D0AF73C00822FDB /* AgreementsView.swift */; };
		1FB6BAC52D0C11FD00822FDB /* Pretendard-Regular.otf in Resources */ = {isa = PBXBuildFile; fileRef = 1FB6BAC12D0C11FD00822FDB /* Pretendard-Regular.otf */; };
		1FB6BAC62D0C11FD00822FDB /* Pretendard-Bold.otf in Resources */ = {isa = PBXBuildFile; fileRef = 1FB6BABC2D0C11FD00822FDB /* Pretendard-Bold.otf */; };
		1FB6BAC72D0C11FD00822FDB /* Pretendard-Thin.otf in Resources */ = {isa = PBXBuildFile; fileRef = 1FB6BAC32D0C11FD00822FDB /* Pretendard-Thin.otf */; };
		1FB6BAC82D0C11FD00822FDB /* Pretendard-SemiBold.otf in Resources */ = {isa = PBXBuildFile; fileRef = 1FB6BAC22D0C11FD00822FDB /* Pretendard-SemiBold.otf */; };
		1FB6BAC92D0C11FD00822FDB /* Pretendard-Black.otf in Resources */ = {isa = PBXBuildFile; fileRef = 1FB6BABB2D0C11FD00822FDB /* Pretendard-Black.otf */; };
		1FB6BACA2D0C11FD00822FDB /* Pretendard-ExtraBold.otf in Resources */ = {isa = PBXBuildFile; fileRef = 1FB6BABD2D0C11FD00822FDB /* Pretendard-ExtraBold.otf */; };
		1FB6BACB2D0C11FD00822FDB /* Pretendard-ExtraLight.otf in Resources */ = {isa = PBXBuildFile; fileRef = 1FB6BABE2D0C11FD00822FDB /* Pretendard-ExtraLight.otf */; };
		1FB6BACC2D0C11FD00822FDB /* Pretendard-Light.otf in Resources */ = {isa = PBXBuildFile; fileRef = 1FB6BABF2D0C11FD00822FDB /* Pretendard-Light.otf */; };
		1FB6BACD2D0C11FD00822FDB /* Pretendard-Medium.otf in Resources */ = {isa = PBXBuildFile; fileRef = 1FB6BAC02D0C11FD00822FDB /* Pretendard-Medium.otf */; };
		1FB6BACF2D0C13F700822FDB /* View+CustomFont.swift in Sources */ = {isa = PBXBuildFile; fileRef = 1FB6BACE2D0C13E900822FDB /* View+CustomFont.swift */; };
		1FB6BAD12D0C197E00822FDB /* AgreementCheckBox.swift in Sources */ = {isa = PBXBuildFile; fileRef = 1FB6BAD02D0C197100822FDB /* AgreementCheckBox.swift */; };
		1FB6BAD32D0C1DEC00822FDB /* CustomBackButton.swift in Sources */ = {isa = PBXBuildFile; fileRef = 1FB6BAD22D0C1DCA00822FDB /* CustomBackButton.swift */; };
		1FB6BB202D0D061000822FDB /* RegistrationView.swift in Sources */ = {isa = PBXBuildFile; fileRef = 1FB6BB1F2D0D05F000822FDB /* RegistrationView.swift */; };
		1FB6BB222D0D078C00822FDB /* UserModel.swift in Sources */ = {isa = PBXBuildFile; fileRef = 1FB6BB212D0D078800822FDB /* UserModel.swift */; };
		1FB6BB242D0D07CC00822FDB /* RegistrationViewModel.swift in Sources */ = {isa = PBXBuildFile; fileRef = 1FB6BB232D0D07C400822FDB /* RegistrationViewModel.swift */; };
		1FB6BB262D0D08EF00822FDB /* PersonalInfoView.swift in Sources */ = {isa = PBXBuildFile; fileRef = 1FB6BB252D0D085E00822FDB /* PersonalInfoView.swift */; };
		1FB6BB292D0D093C00822FDB /* PhoneNumberView.swift in Sources */ = {isa = PBXBuildFile; fileRef = 1FB6BB282D0D093700822FDB /* PhoneNumberView.swift */; };
		1FB6BB2B2D0D099300822FDB /* VerificationCodeView.swift in Sources */ = {isa = PBXBuildFile; fileRef = 1FB6BB2A2D0D097900822FDB /* VerificationCodeView.swift */; };
		1FB6BB2D2D0D09D000822FDB /* ComplitionView.swift in Sources */ = {isa = PBXBuildFile; fileRef = 1FB6BB2C2D0D09CC00822FDB /* ComplitionView.swift */; };
		1FB6BB302D0E952300822FDB /* MaxLengthModifier.swift in Sources */ = {isa = PBXBuildFile; fileRef = 1FB6BB2F2D0E951C00822FDB /* MaxLengthModifier.swift */; };
		1FB6BB322D0E955D00822FDB /* View+MaxLength.swift in Sources */ = {isa = PBXBuildFile; fileRef = 1FB6BB312D0E954A00822FDB /* View+MaxLength.swift */; };
		1FB6BB342D0E9D8B00822FDB /* OutLinedTextField.swift in Sources */ = {isa = PBXBuildFile; fileRef = 1FB6BB332D0E9D7D00822FDB /* OutLinedTextField.swift */; };
		1FB6BB3A2D0ED14F00822FDB /* SegmentStyleButton.swift in Sources */ = {isa = PBXBuildFile; fileRef = 1FB6BB392D0ED14500822FDB /* SegmentStyleButton.swift */; };
		1FB6BB402D10180900822FDB /* AppDelegate+FireBaseInit.swift in Sources */ = {isa = PBXBuildFile; fileRef = 1FB6BB3F2D10180500822FDB /* AppDelegate+FireBaseInit.swift */; };
		1FB6BB422D10330F00822FDB /* GoogleService-Info.plist in Resources */ = {isa = PBXBuildFile; fileRef = 1FB6BB412D10330F00822FDB /* GoogleService-Info.plist */; };
		1FB6BB452D117B1400822FDB /* ProfileView.swift in Sources */ = {isa = PBXBuildFile; fileRef = 1FB6BB442D117B1000822FDB /* ProfileView.swift */; };
		1FB6BB472D11819F00822FDB /* ProfileViewModel.swift in Sources */ = {isa = PBXBuildFile; fileRef = 1FB6BB462D11819700822FDB /* ProfileViewModel.swift */; };
		1FB6BB492D11820500822FDB /* ProfileModel.swift in Sources */ = {isa = PBXBuildFile; fileRef = 1FB6BB482D11820100822FDB /* ProfileModel.swift */; };
		1FB6BB4C2D11840000822FDB /* RegistrationViewModel+SaveUserInfo.swift in Sources */ = {isa = PBXBuildFile; fileRef = 1FB6BB4B2D1183FE00822FDB /* RegistrationViewModel+SaveUserInfo.swift */; };
		1FB6BB4E2D1184DB00822FDB /* RegistrationViewModel+sendPhoneNumberVerification.swift in Sources */ = {isa = PBXBuildFile; fileRef = 1FB6BB4D2D1184CB00822FDB /* RegistrationViewModel+sendPhoneNumberVerification.swift */; };
		1FB6BB502D11852900822FDB /* RegistrationViewModel+verifyCode.swift in Sources */ = {isa = PBXBuildFile; fileRef = 1FB6BB4F2D11851D00822FDB /* RegistrationViewModel+verifyCode.swift */; };
		1FB6BB522D118BE800822FDB /* UserTypeView.swift in Sources */ = {isa = PBXBuildFile; fileRef = 1FB6BB512D118BDF00822FDB /* UserTypeView.swift */; };
		1FB6BB542D119C3B00822FDB /* GridButton.swift in Sources */ = {isa = PBXBuildFile; fileRef = 1FB6BB532D119C2E00822FDB /* GridButton.swift */; };
		1FB6BB562D12B98E00822FDB /* BusinessNumberView.swift in Sources */ = {isa = PBXBuildFile; fileRef = 1FB6BB552D12B98100822FDB /* BusinessNumberView.swift */; };
		1FB6BB582D12C5B100822FDB /* NickNameView.swift in Sources */ = {isa = PBXBuildFile; fileRef = 1FB6BB572D12C5AD00822FDB /* NickNameView.swift */; };
		1FB6BB5A2D12CE2000822FDB /* MainSpeciesView.swift in Sources */ = {isa = PBXBuildFile; fileRef = 1FB6BB592D12CE1A00822FDB /* MainSpeciesView.swift */; };
		1FB6BB602D12CEEF00822FDB /* Species.swift in Sources */ = {isa = PBXBuildFile; fileRef = 1FB6BB5F2D12CEEC00822FDB /* Species.swift */; };
		1FB6BB622D12D1FD00822FDB /* SpeciesButton.swift in Sources */ = {isa = PBXBuildFile; fileRef = 1FB6BB612D12D1EE00822FDB /* SpeciesButton.swift */; };
		1FB6BB662D14168A00822FDB /* ProfileComplitionView.swift in Sources */ = {isa = PBXBuildFile; fileRef = 1FB6BB652D14168000822FDB /* ProfileComplitionView.swift */; };
		1FB6BB692D14284A00822FDB /* FirebaseService.swift in Sources */ = {isa = PBXBuildFile; fileRef = 1FB6BB682D14284500822FDB /* FirebaseService.swift */; };
		1FB6BB6B2D14290F00822FDB /* FirebaseAuthService.swift in Sources */ = {isa = PBXBuildFile; fileRef = 1FB6BB6A2D14290800822FDB /* FirebaseAuthService.swift */; };
		1FB6BB6E2D142AA000822FDB /* ProfileViewModel+SaveProfile.swift in Sources */ = {isa = PBXBuildFile; fileRef = 1FB6BB6D2D142A9700822FDB /* ProfileViewModel+SaveProfile.swift */; };
		1FB6BB702D142C6900822FDB /* MainView.swift in Sources */ = {isa = PBXBuildFile; fileRef = 1FB6BB6F2D142C6400822FDB /* MainView.swift */; };
		1FB6BB732D1437DB00822FDB /* SplashViewModel.swift in Sources */ = {isa = PBXBuildFile; fileRef = 1FB6BB722D1437D400822FDB /* SplashViewModel.swift */; };
		849472402C95781300E68946 /* repfApp.swift in Sources */ = {isa = PBXBuildFile; fileRef = 8494723F2C95781300E68946 /* repfApp.swift */; };
		849472442C95781400E68946 /* Assets.xcassets in Resources */ = {isa = PBXBuildFile; fileRef = 849472432C95781400E68946 /* Assets.xcassets */; };
		849472482C95781400E68946 /* Preview Assets.xcassets in Resources */ = {isa = PBXBuildFile; fileRef = 849472472C95781400E68946 /* Preview Assets.xcassets */; };
		849B463C2CA56CE70087716B /* Morph.swift in Sources */ = {isa = PBXBuildFile; fileRef = 849B463B2CA56CE70087716B /* Morph.swift */; };
		849B463E2CA56DB10087716B /* InheritanceType.swift in Sources */ = {isa = PBXBuildFile; fileRef = 849B463D2CA56DB10087716B /* InheritanceType.swift */; };
		849B46402CA56E060087716B /* MorphCalculatorViewModel.swift in Sources */ = {isa = PBXBuildFile; fileRef = 849B463F2CA56E060087716B /* MorphCalculatorViewModel.swift */; };
		849B46432CA56EC00087716B /* MorphManager.swift in Sources */ = {isa = PBXBuildFile; fileRef = 849B46422CA56EC00087716B /* MorphManager.swift */; };
		849B46452CA56FD00087716B /* InheritanceStrategy.swift in Sources */ = {isa = PBXBuildFile; fileRef = 849B46442CA56FD00087716B /* InheritanceStrategy.swift */; };
		849B46472CA570870087716B /* DominantStrategy.swift in Sources */ = {isa = PBXBuildFile; fileRef = 849B46462CA570870087716B /* DominantStrategy.swift */; };
		849B46492CA570A30087716B /* RecessiveStrategy.swift in Sources */ = {isa = PBXBuildFile; fileRef = 849B46482CA570A30087716B /* RecessiveStrategy.swift */; };
		849B464B2CA570D60087716B /* PolygenicStrategy.swift in Sources */ = {isa = PBXBuildFile; fileRef = 849B464A2CA570D60087716B /* PolygenicStrategy.swift */; };
		849B464D2CA571090087716B /* CodominantStrategy.swift in Sources */ = {isa = PBXBuildFile; fileRef = 849B464C2CA571090087716B /* CodominantStrategy.swift */; };
		849B464F2CA572950087716B /* MorphCalculator.swift in Sources */ = {isa = PBXBuildFile; fileRef = 849B464E2CA572950087716B /* MorphCalculator.swift */; };
		849B46512CA574920087716B /* MorphCalculatorView.swift in Sources */ = {isa = PBXBuildFile; fileRef = 849B46502CA574920087716B /* MorphCalculatorView.swift */; };
/* End PBXBuildFile section */

/* Begin PBXFileReference section */
		1F39552F2D09952E004DEC2B /* PrimaryButton.swift */ = {isa = PBXFileReference; lastKnownFileType = sourcecode.swift; path = PrimaryButton.swift; sourceTree = "<group>"; };
		1F3955342D099622004DEC2B /* Color.swift */ = {isa = PBXFileReference; lastKnownFileType = sourcecode.swift; path = Color.swift; sourceTree = "<group>"; };
		1FA6EB452D07FDF30078EAA8 /* SplashView.swift */ = {isa = PBXFileReference; lastKnownFileType = sourcecode.swift; path = SplashView.swift; sourceTree = "<group>"; };
		1FB6BA912D0AF73C00822FDB /* AgreementsView.swift */ = {isa = PBXFileReference; lastKnownFileType = sourcecode.swift; path = AgreementsView.swift; sourceTree = "<group>"; };
		1FB6BABB2D0C11FD00822FDB /* Pretendard-Black.otf */ = {isa = PBXFileReference; lastKnownFileType = file; path = "Pretendard-Black.otf"; sourceTree = "<group>"; };
		1FB6BABC2D0C11FD00822FDB /* Pretendard-Bold.otf */ = {isa = PBXFileReference; lastKnownFileType = file; path = "Pretendard-Bold.otf"; sourceTree = "<group>"; };
		1FB6BABD2D0C11FD00822FDB /* Pretendard-ExtraBold.otf */ = {isa = PBXFileReference; lastKnownFileType = file; path = "Pretendard-ExtraBold.otf"; sourceTree = "<group>"; };
		1FB6BABE2D0C11FD00822FDB /* Pretendard-ExtraLight.otf */ = {isa = PBXFileReference; lastKnownFileType = file; path = "Pretendard-ExtraLight.otf"; sourceTree = "<group>"; };
		1FB6BABF2D0C11FD00822FDB /* Pretendard-Light.otf */ = {isa = PBXFileReference; lastKnownFileType = file; path = "Pretendard-Light.otf"; sourceTree = "<group>"; };
		1FB6BAC02D0C11FD00822FDB /* Pretendard-Medium.otf */ = {isa = PBXFileReference; lastKnownFileType = file; path = "Pretendard-Medium.otf"; sourceTree = "<group>"; };
		1FB6BAC12D0C11FD00822FDB /* Pretendard-Regular.otf */ = {isa = PBXFileReference; lastKnownFileType = file; path = "Pretendard-Regular.otf"; sourceTree = "<group>"; };
		1FB6BAC22D0C11FD00822FDB /* Pretendard-SemiBold.otf */ = {isa = PBXFileReference; lastKnownFileType = file; path = "Pretendard-SemiBold.otf"; sourceTree = "<group>"; };
		1FB6BAC32D0C11FD00822FDB /* Pretendard-Thin.otf */ = {isa = PBXFileReference; lastKnownFileType = file; path = "Pretendard-Thin.otf"; sourceTree = "<group>"; };
		1FB6BACE2D0C13E900822FDB /* View+CustomFont.swift */ = {isa = PBXFileReference; lastKnownFileType = sourcecode.swift; path = "View+CustomFont.swift"; sourceTree = "<group>"; };
		1FB6BAD02D0C197100822FDB /* AgreementCheckBox.swift */ = {isa = PBXFileReference; lastKnownFileType = sourcecode.swift; path = AgreementCheckBox.swift; sourceTree = "<group>"; };
		1FB6BAD22D0C1DCA00822FDB /* CustomBackButton.swift */ = {isa = PBXFileReference; lastKnownFileType = sourcecode.swift; path = CustomBackButton.swift; sourceTree = "<group>"; };
		1FB6BB1F2D0D05F000822FDB /* RegistrationView.swift */ = {isa = PBXFileReference; lastKnownFileType = sourcecode.swift; path = RegistrationView.swift; sourceTree = "<group>"; };
		1FB6BB212D0D078800822FDB /* UserModel.swift */ = {isa = PBXFileReference; lastKnownFileType = sourcecode.swift; path = UserModel.swift; sourceTree = "<group>"; };
		1FB6BB232D0D07C400822FDB /* RegistrationViewModel.swift */ = {isa = PBXFileReference; lastKnownFileType = sourcecode.swift; path = RegistrationViewModel.swift; sourceTree = "<group>"; };
		1FB6BB252D0D085E00822FDB /* PersonalInfoView.swift */ = {isa = PBXFileReference; lastKnownFileType = sourcecode.swift; path = PersonalInfoView.swift; sourceTree = "<group>"; };
		1FB6BB282D0D093700822FDB /* PhoneNumberView.swift */ = {isa = PBXFileReference; lastKnownFileType = sourcecode.swift; path = PhoneNumberView.swift; sourceTree = "<group>"; };
		1FB6BB2A2D0D097900822FDB /* VerificationCodeView.swift */ = {isa = PBXFileReference; lastKnownFileType = sourcecode.swift; path = VerificationCodeView.swift; sourceTree = "<group>"; };
		1FB6BB2C2D0D09CC00822FDB /* ComplitionView.swift */ = {isa = PBXFileReference; lastKnownFileType = sourcecode.swift; path = ComplitionView.swift; sourceTree = "<group>"; };
		1FB6BB2F2D0E951C00822FDB /* MaxLengthModifier.swift */ = {isa = PBXFileReference; lastKnownFileType = sourcecode.swift; path = MaxLengthModifier.swift; sourceTree = "<group>"; };
		1FB6BB312D0E954A00822FDB /* View+MaxLength.swift */ = {isa = PBXFileReference; lastKnownFileType = sourcecode.swift; path = "View+MaxLength.swift"; sourceTree = "<group>"; };
		1FB6BB332D0E9D7D00822FDB /* OutLinedTextField.swift */ = {isa = PBXFileReference; lastKnownFileType = sourcecode.swift; path = OutLinedTextField.swift; sourceTree = "<group>"; };
		1FB6BB392D0ED14500822FDB /* SegmentStyleButton.swift */ = {isa = PBXFileReference; lastKnownFileType = sourcecode.swift; path = SegmentStyleButton.swift; sourceTree = "<group>"; };
		1FB6BB3F2D10180500822FDB /* AppDelegate+FireBaseInit.swift */ = {isa = PBXFileReference; lastKnownFileType = sourcecode.swift; path = "AppDelegate+FireBaseInit.swift"; sourceTree = "<group>"; };
		1FB6BB412D10330F00822FDB /* GoogleService-Info.plist */ = {isa = PBXFileReference; lastKnownFileType = text.plist.xml; path = "GoogleService-Info.plist"; sourceTree = "<group>"; };
		1FB6BB442D117B1000822FDB /* ProfileView.swift */ = {isa = PBXFileReference; lastKnownFileType = sourcecode.swift; path = ProfileView.swift; sourceTree = "<group>"; };
		1FB6BB462D11819700822FDB /* ProfileViewModel.swift */ = {isa = PBXFileReference; lastKnownFileType = sourcecode.swift; path = ProfileViewModel.swift; sourceTree = "<group>"; };
		1FB6BB482D11820100822FDB /* ProfileModel.swift */ = {isa = PBXFileReference; lastKnownFileType = sourcecode.swift; path = ProfileModel.swift; sourceTree = "<group>"; };
		1FB6BB4B2D1183FE00822FDB /* RegistrationViewModel+SaveUserInfo.swift */ = {isa = PBXFileReference; lastKnownFileType = sourcecode.swift; path = "RegistrationViewModel+SaveUserInfo.swift"; sourceTree = "<group>"; };
		1FB6BB4D2D1184CB00822FDB /* RegistrationViewModel+sendPhoneNumberVerification.swift */ = {isa = PBXFileReference; lastKnownFileType = sourcecode.swift; path = "RegistrationViewModel+sendPhoneNumberVerification.swift"; sourceTree = "<group>"; };
		1FB6BB4F2D11851D00822FDB /* RegistrationViewModel+verifyCode.swift */ = {isa = PBXFileReference; lastKnownFileType = sourcecode.swift; path = "RegistrationViewModel+verifyCode.swift"; sourceTree = "<group>"; };
		1FB6BB512D118BDF00822FDB /* UserTypeView.swift */ = {isa = PBXFileReference; lastKnownFileType = sourcecode.swift; path = UserTypeView.swift; sourceTree = "<group>"; };
		1FB6BB532D119C2E00822FDB /* GridButton.swift */ = {isa = PBXFileReference; lastKnownFileType = sourcecode.swift; path = GridButton.swift; sourceTree = "<group>"; };
		1FB6BB552D12B98100822FDB /* BusinessNumberView.swift */ = {isa = PBXFileReference; lastKnownFileType = sourcecode.swift; path = BusinessNumberView.swift; sourceTree = "<group>"; };
		1FB6BB572D12C5AD00822FDB /* NickNameView.swift */ = {isa = PBXFileReference; lastKnownFileType = sourcecode.swift; path = NickNameView.swift; sourceTree = "<group>"; };
		1FB6BB592D12CE1A00822FDB /* MainSpeciesView.swift */ = {isa = PBXFileReference; lastKnownFileType = sourcecode.swift; path = MainSpeciesView.swift; sourceTree = "<group>"; };
		1FB6BB5F2D12CEEC00822FDB /* Species.swift */ = {isa = PBXFileReference; lastKnownFileType = sourcecode.swift; path = Species.swift; sourceTree = "<group>"; };
		1FB6BB612D12D1EE00822FDB /* SpeciesButton.swift */ = {isa = PBXFileReference; lastKnownFileType = sourcecode.swift; path = SpeciesButton.swift; sourceTree = "<group>"; };
		1FB6BB652D14168000822FDB /* ProfileComplitionView.swift */ = {isa = PBXFileReference; lastKnownFileType = sourcecode.swift; path = ProfileComplitionView.swift; sourceTree = "<group>"; };
		1FB6BB682D14284500822FDB /* FirebaseService.swift */ = {isa = PBXFileReference; lastKnownFileType = sourcecode.swift; path = FirebaseService.swift; sourceTree = "<group>"; };
		1FB6BB6A2D14290800822FDB /* FirebaseAuthService.swift */ = {isa = PBXFileReference; lastKnownFileType = sourcecode.swift; path = FirebaseAuthService.swift; sourceTree = "<group>"; };
		1FB6BB6D2D142A9700822FDB /* ProfileViewModel+SaveProfile.swift */ = {isa = PBXFileReference; lastKnownFileType = sourcecode.swift; path = "ProfileViewModel+SaveProfile.swift"; sourceTree = "<group>"; };
		1FB6BB6F2D142C6400822FDB /* MainView.swift */ = {isa = PBXFileReference; lastKnownFileType = sourcecode.swift; path = MainView.swift; sourceTree = "<group>"; };
		1FB6BB722D1437D400822FDB /* SplashViewModel.swift */ = {isa = PBXFileReference; lastKnownFileType = sourcecode.swift; path = SplashViewModel.swift; sourceTree = "<group>"; };
		8494723C2C95781300E68946 /* repf.app */ = {isa = PBXFileReference; explicitFileType = wrapper.application; includeInIndex = 0; path = repf.app; sourceTree = BUILT_PRODUCTS_DIR; };
		8494723F2C95781300E68946 /* repfApp.swift */ = {isa = PBXFileReference; lastKnownFileType = sourcecode.swift; path = repfApp.swift; sourceTree = "<group>"; };
		849472432C95781400E68946 /* Assets.xcassets */ = {isa = PBXFileReference; lastKnownFileType = folder.assetcatalog; path = Assets.xcassets; sourceTree = "<group>"; };
		849472452C95781400E68946 /* repf.entitlements */ = {isa = PBXFileReference; lastKnownFileType = text.plist.entitlements; path = repf.entitlements; sourceTree = "<group>"; };
		849472472C95781400E68946 /* Preview Assets.xcassets */ = {isa = PBXFileReference; lastKnownFileType = folder.assetcatalog; path = "Preview Assets.xcassets"; sourceTree = "<group>"; };
		849B463B2CA56CE70087716B /* Morph.swift */ = {isa = PBXFileReference; lastKnownFileType = sourcecode.swift; path = Morph.swift; sourceTree = "<group>"; };
		849B463D2CA56DB10087716B /* InheritanceType.swift */ = {isa = PBXFileReference; lastKnownFileType = sourcecode.swift; path = InheritanceType.swift; sourceTree = "<group>"; };
		849B463F2CA56E060087716B /* MorphCalculatorViewModel.swift */ = {isa = PBXFileReference; lastKnownFileType = sourcecode.swift; path = MorphCalculatorViewModel.swift; sourceTree = "<group>"; };
		849B46422CA56EC00087716B /* MorphManager.swift */ = {isa = PBXFileReference; lastKnownFileType = sourcecode.swift; path = MorphManager.swift; sourceTree = "<group>"; };
		849B46442CA56FD00087716B /* InheritanceStrategy.swift */ = {isa = PBXFileReference; lastKnownFileType = sourcecode.swift; path = InheritanceStrategy.swift; sourceTree = "<group>"; };
		849B46462CA570870087716B /* DominantStrategy.swift */ = {isa = PBXFileReference; lastKnownFileType = sourcecode.swift; path = DominantStrategy.swift; sourceTree = "<group>"; };
		849B46482CA570A30087716B /* RecessiveStrategy.swift */ = {isa = PBXFileReference; lastKnownFileType = sourcecode.swift; path = RecessiveStrategy.swift; sourceTree = "<group>"; };
		849B464A2CA570D60087716B /* PolygenicStrategy.swift */ = {isa = PBXFileReference; lastKnownFileType = sourcecode.swift; path = PolygenicStrategy.swift; sourceTree = "<group>"; };
		849B464C2CA571090087716B /* CodominantStrategy.swift */ = {isa = PBXFileReference; lastKnownFileType = sourcecode.swift; path = CodominantStrategy.swift; sourceTree = "<group>"; };
		849B464E2CA572950087716B /* MorphCalculator.swift */ = {isa = PBXFileReference; lastKnownFileType = sourcecode.swift; path = MorphCalculator.swift; sourceTree = "<group>"; };
		849B46502CA574920087716B /* MorphCalculatorView.swift */ = {isa = PBXFileReference; lastKnownFileType = sourcecode.swift; path = MorphCalculatorView.swift; sourceTree = "<group>"; };
/* End PBXFileReference section */

/* Begin PBXFrameworksBuildPhase section */
		849472392C95781300E68946 /* Frameworks */ = {
			isa = PBXFrameworksBuildPhase;
			buildActionMask = 2147483647;
			files = (
				1FB6BA8C2D09FD9500822FDB /* FirebaseMessaging in Frameworks */,
				1FB6BA882D09FD9500822FDB /* FirebaseCore in Frameworks */,
				1FB6BA862D09FD9500822FDB /* FirebaseAuth in Frameworks */,
				1FB6BA8A2D09FD9500822FDB /* FirebaseFirestore in Frameworks */,
			);
			runOnlyForDeploymentPostprocessing = 0;
		};
/* End PBXFrameworksBuildPhase section */

/* Begin PBXGroup section */
		1F39552D2D09950C004DEC2B /* Screens */ = {
			isa = PBXGroup;
			children = (
				1FA6EB452D07FDF30078EAA8 /* SplashView.swift */,
				1FB6BA912D0AF73C00822FDB /* AgreementsView.swift */,
				1FB6BB272D0D08F900822FDB /* Registrations */,
				1FB6BB432D117AF600822FDB /* Profile */,
				1FB6BB712D142C6F00822FDB /* Main */,
				849B46502CA574920087716B /* MorphCalculatorView.swift */,
			);
			path = Screens;
			sourceTree = "<group>";
		};
		1F39552E2D09951A004DEC2B /* Components */ = {
			isa = PBXGroup;
			children = (
				1FB6BB612D12D1EE00822FDB /* SpeciesButton.swift */,
				1FB6BB532D119C2E00822FDB /* GridButton.swift */,
				1FB6BB392D0ED14500822FDB /* SegmentStyleButton.swift */,
				1FB6BB332D0E9D7D00822FDB /* OutLinedTextField.swift */,
				1FB6BAD22D0C1DCA00822FDB /* CustomBackButton.swift */,
				1FB6BAD02D0C197100822FDB /* AgreementCheckBox.swift */,
				1F39552F2D09952E004DEC2B /* PrimaryButton.swift */,
			);
			path = Components;
			sourceTree = "<group>";
		};
		1F3955332D09961A004DEC2B /* Extensions */ = {
			isa = PBXGroup;
			children = (
				1FB6BB312D0E954A00822FDB /* View+MaxLength.swift */,
				1F3955342D099622004DEC2B /* Color.swift */,
				1FB6BACE2D0C13E900822FDB /* View+CustomFont.swift */,
			);
			path = Extensions;
			sourceTree = "<group>";
		};
		1FB6BAC42D0C11FD00822FDB /* Font */ = {
			isa = PBXGroup;
			children = (
				1FB6BABB2D0C11FD00822FDB /* Pretendard-Black.otf */,
				1FB6BABC2D0C11FD00822FDB /* Pretendard-Bold.otf */,
				1FB6BABD2D0C11FD00822FDB /* Pretendard-ExtraBold.otf */,
				1FB6BABE2D0C11FD00822FDB /* Pretendard-ExtraLight.otf */,
				1FB6BABF2D0C11FD00822FDB /* Pretendard-Light.otf */,
				1FB6BAC02D0C11FD00822FDB /* Pretendard-Medium.otf */,
				1FB6BAC12D0C11FD00822FDB /* Pretendard-Regular.otf */,
				1FB6BAC22D0C11FD00822FDB /* Pretendard-SemiBold.otf */,
				1FB6BAC32D0C11FD00822FDB /* Pretendard-Thin.otf */,
			);
			path = Font;
			sourceTree = "<group>";
		};
		1FB6BB272D0D08F900822FDB /* Registrations */ = {
			isa = PBXGroup;
			children = (
				1FB6BB1F2D0D05F000822FDB /* RegistrationView.swift */,
				1FB6BB252D0D085E00822FDB /* PersonalInfoView.swift */,
				1FB6BB282D0D093700822FDB /* PhoneNumberView.swift */,
				1FB6BB2A2D0D097900822FDB /* VerificationCodeView.swift */,
				1FB6BB2C2D0D09CC00822FDB /* ComplitionView.swift */,
			);
			path = Registrations;
			sourceTree = "<group>";
		};
		1FB6BB2E2D0E94FD00822FDB /* Modifier */ = {
			isa = PBXGroup;
			children = (
				1FB6BB2F2D0E951C00822FDB /* MaxLengthModifier.swift */,
			);
			path = Modifier;
			sourceTree = "<group>";
		};
		1FB6BB432D117AF600822FDB /* Profile */ = {
			isa = PBXGroup;
			children = (
				1FB6BB442D117B1000822FDB /* ProfileView.swift */,
				1FB6BB512D118BDF00822FDB /* UserTypeView.swift */,
				1FB6BB552D12B98100822FDB /* BusinessNumberView.swift */,
				1FB6BB572D12C5AD00822FDB /* NickNameView.swift */,
				1FB6BB592D12CE1A00822FDB /* MainSpeciesView.swift */,
				1FB6BB652D14168000822FDB /* ProfileComplitionView.swift */,
			);
			path = Profile;
			sourceTree = "<group>";
		};
		1FB6BB4A2D1183E500822FDB /* RegistrationViewModel */ = {
			isa = PBXGroup;
			children = (
				1FB6BB232D0D07C400822FDB /* RegistrationViewModel.swift */,
				1FB6BB4D2D1184CB00822FDB /* RegistrationViewModel+sendPhoneNumberVerification.swift */,
				1FB6BB4F2D11851D00822FDB /* RegistrationViewModel+verifyCode.swift */,
				1FB6BB4B2D1183FE00822FDB /* RegistrationViewModel+SaveUserInfo.swift */,
			);
			path = RegistrationViewModel;
			sourceTree = "<group>";
		};
		1FB6BB672D14283B00822FDB /* Service */ = {
			isa = PBXGroup;
			children = (
				1FB6BB6A2D14290800822FDB /* FirebaseAuthService.swift */,
				1FB6BB682D14284500822FDB /* FirebaseService.swift */,
			);
			path = Service;
			sourceTree = "<group>";
		};
		1FB6BB6C2D142A7E00822FDB /* ProfileViewModel */ = {
			isa = PBXGroup;
			children = (
				1FB6BB462D11819700822FDB /* ProfileViewModel.swift */,
				1FB6BB6D2D142A9700822FDB /* ProfileViewModel+SaveProfile.swift */,
			);
			path = ProfileViewModel;
			sourceTree = "<group>";
		};
		1FB6BB712D142C6F00822FDB /* Main */ = {
			isa = PBXGroup;
			children = (
				1FB6BB6F2D142C6400822FDB /* MainView.swift */,
			);
			path = Main;
			sourceTree = "<group>";
		};
		849472332C95781300E68946 = {
			isa = PBXGroup;
			children = (
				1FB6BB412D10330F00822FDB /* GoogleService-Info.plist */,
				8494723E2C95781300E68946 /* repf */,
				8494723D2C95781300E68946 /* Products */,
			);
			sourceTree = "<group>";
		};
		8494723D2C95781300E68946 /* Products */ = {
			isa = PBXGroup;
			children = (
				8494723C2C95781300E68946 /* repf.app */,
			);
			name = Products;
			sourceTree = "<group>";
		};
		8494723E2C95781300E68946 /* repf */ = {
			isa = PBXGroup;
			children = (
				1FB6BB672D14283B00822FDB /* Service */,
				1FB6BAC42D0C11FD00822FDB /* Font */,
				1FB6BB2E2D0E94FD00822FDB /* Modifier */,
				1F3955332D09961A004DEC2B /* Extensions */,
				849B463A2CA56CA20087716B /* Services */,
				849B46342CA56B980087716B /* Model */,
				849B46362CA56BCC0087716B /* ViewModel */,
				849B46352CA56BC10087716B /* View */,
				849B46392CA56C600087716B /* App */,
				849472432C95781400E68946 /* Assets.xcassets */,
				849472452C95781400E68946 /* repf.entitlements */,
				849472462C95781400E68946 /* Preview Content */,
			);
			path = repf;
			sourceTree = "<group>";
		};
		849472462C95781400E68946 /* Preview Content */ = {
			isa = PBXGroup;
			children = (
				849472472C95781400E68946 /* Preview Assets.xcassets */,
			);
			path = "Preview Content";
			sourceTree = "<group>";
		};
		849B46332CA56B630087716B /* MorphCalculator */ = {
			isa = PBXGroup;
			children = (
				849B46442CA56FD00087716B /* InheritanceStrategy.swift */,
				849B46462CA570870087716B /* DominantStrategy.swift */,
				849B46482CA570A30087716B /* RecessiveStrategy.swift */,
				849B464A2CA570D60087716B /* PolygenicStrategy.swift */,
				849B464C2CA571090087716B /* CodominantStrategy.swift */,
				849B464E2CA572950087716B /* MorphCalculator.swift */,
			);
			path = MorphCalculator;
			sourceTree = "<group>";
		};
		849B46342CA56B980087716B /* Model */ = {
			isa = PBXGroup;
			children = (
				1FB6BB5F2D12CEEC00822FDB /* Species.swift */,
				1FB6BB482D11820100822FDB /* ProfileModel.swift */,
				1FB6BB212D0D078800822FDB /* UserModel.swift */,
				849B463B2CA56CE70087716B /* Morph.swift */,
				849B463D2CA56DB10087716B /* InheritanceType.swift */,
				849B46422CA56EC00087716B /* MorphManager.swift */,
			);
			path = Model;
			sourceTree = "<group>";
		};
		849B46352CA56BC10087716B /* View */ = {
			isa = PBXGroup;
			children = (
				1F39552E2D09951A004DEC2B /* Components */,
				1F39552D2D09950C004DEC2B /* Screens */,
			);
			path = View;
			sourceTree = "<group>";
		};
		849B46362CA56BCC0087716B /* ViewModel */ = {
			isa = PBXGroup;
			children = (
				1FB6BB722D1437D400822FDB /* SplashViewModel.swift */,
				1FB6BB4A2D1183E500822FDB /* RegistrationViewModel */,
				1FB6BB6C2D142A7E00822FDB /* ProfileViewModel */,
				849B463F2CA56E060087716B /* MorphCalculatorViewModel.swift */,
			);
			path = ViewModel;
			sourceTree = "<group>";
		};
		849B46392CA56C600087716B /* App */ = {
			isa = PBXGroup;
			children = (
				8494723F2C95781300E68946 /* repfApp.swift */,
			);
			path = App;
			sourceTree = "<group>";
		};
		849B463A2CA56CA20087716B /* Services */ = {
			isa = PBXGroup;
			children = (
				1FB6BB3F2D10180500822FDB /* AppDelegate+FireBaseInit.swift */,
				849B46332CA56B630087716B /* MorphCalculator */,
			);
			path = Services;
			sourceTree = "<group>";
		};
/* End PBXGroup section */

/* Begin PBXNativeTarget section */
		8494723B2C95781300E68946 /* repf */ = {
			isa = PBXNativeTarget;
			buildConfigurationList = 8494724B2C95781400E68946 /* Build configuration list for PBXNativeTarget "repf" */;
			buildPhases = (
				849472382C95781300E68946 /* Sources */,
				849472392C95781300E68946 /* Frameworks */,
				8494723A2C95781300E68946 /* Resources */,
			);
			buildRules = (
			);
			dependencies = (
			);
			name = repf;
			productName = repf;
			productReference = 8494723C2C95781300E68946 /* repf.app */;
			productType = "com.apple.product-type.application";
		};
/* End PBXNativeTarget section */

/* Begin PBXProject section */
		849472342C95781300E68946 /* Project object */ = {
			isa = PBXProject;
			attributes = {
				BuildIndependentTargetsInParallel = 1;
				LastSwiftUpdateCheck = 1540;
				LastUpgradeCheck = 1540;
				TargetAttributes = {
					8494723B2C95781300E68946 = {
						CreatedOnToolsVersion = 15.4;
					};
				};
			};
			buildConfigurationList = 849472372C95781300E68946 /* Build configuration list for PBXProject "repf" */;
			compatibilityVersion = "Xcode 14.0";
			developmentRegion = en;
			hasScannedForEncodings = 0;
			knownRegions = (
				en,
				Base,
			);
			mainGroup = 849472332C95781300E68946;
			packageReferences = (
				1FB6BA842D09FD9500822FDB /* XCRemoteSwiftPackageReference "firebase-ios-sdk" */,
			);
			productRefGroup = 8494723D2C95781300E68946 /* Products */;
			projectDirPath = "";
			projectRoot = "";
			targets = (
				8494723B2C95781300E68946 /* repf */,
			);
		};
/* End PBXProject section */

/* Begin PBXResourcesBuildPhase section */
		8494723A2C95781300E68946 /* Resources */ = {
			isa = PBXResourcesBuildPhase;
			buildActionMask = 2147483647;
			files = (
				849472482C95781400E68946 /* Preview Assets.xcassets in Resources */,
				849472442C95781400E68946 /* Assets.xcassets in Resources */,
				1FB6BAC52D0C11FD00822FDB /* Pretendard-Regular.otf in Resources */,
				1FB6BAC62D0C11FD00822FDB /* Pretendard-Bold.otf in Resources */,
				1FB6BAC72D0C11FD00822FDB /* Pretendard-Thin.otf in Resources */,
				1FB6BB422D10330F00822FDB /* GoogleService-Info.plist in Resources */,
				1FB6BAC82D0C11FD00822FDB /* Pretendard-SemiBold.otf in Resources */,
				1FB6BAC92D0C11FD00822FDB /* Pretendard-Black.otf in Resources */,
				1FB6BACA2D0C11FD00822FDB /* Pretendard-ExtraBold.otf in Resources */,
				1FB6BACB2D0C11FD00822FDB /* Pretendard-ExtraLight.otf in Resources */,
				1FB6BACC2D0C11FD00822FDB /* Pretendard-Light.otf in Resources */,
				1FB6BACD2D0C11FD00822FDB /* Pretendard-Medium.otf in Resources */,
			);
			runOnlyForDeploymentPostprocessing = 0;
		};
/* End PBXResourcesBuildPhase section */

/* Begin PBXSourcesBuildPhase section */
		849472382C95781300E68946 /* Sources */ = {
			isa = PBXSourcesBuildPhase;
			buildActionMask = 2147483647;
			files = (
				1FB6BB2D2D0D09D000822FDB /* ComplitionView.swift in Sources */,
				1FB6BB692D14284A00822FDB /* FirebaseService.swift in Sources */,
				849B463E2CA56DB10087716B /* InheritanceType.swift in Sources */,
				1FB6BB222D0D078C00822FDB /* UserModel.swift in Sources */,
				1FB6BAD12D0C197E00822FDB /* AgreementCheckBox.swift in Sources */,
				1FB6BB4E2D1184DB00822FDB /* RegistrationViewModel+sendPhoneNumberVerification.swift in Sources */,
				1FB6BA922D0AF74100822FDB /* AgreementsView.swift in Sources */,
				1FB6BB402D10180900822FDB /* AppDelegate+FireBaseInit.swift in Sources */,
				1FB6BACF2D0C13F700822FDB /* View+CustomFont.swift in Sources */,
				1FB6BB582D12C5B100822FDB /* NickNameView.swift in Sources */,
				1FB6BAD32D0C1DEC00822FDB /* CustomBackButton.swift in Sources */,
				1FB6BB292D0D093C00822FDB /* PhoneNumberView.swift in Sources */,
				1FB6BB492D11820500822FDB /* ProfileModel.swift in Sources */,
				849B463C2CA56CE70087716B /* Morph.swift in Sources */,
				849B464F2CA572950087716B /* MorphCalculator.swift in Sources */,
				849B464B2CA570D60087716B /* PolygenicStrategy.swift in Sources */,
				1FB6BB3A2D0ED14F00822FDB /* SegmentStyleButton.swift in Sources */,
				1F3955302D099534004DEC2B /* PrimaryButton.swift in Sources */,
				849472402C95781300E68946 /* repfApp.swift in Sources */,
				1FB6BB5A2D12CE2000822FDB /* MainSpeciesView.swift in Sources */,
				1FB6BB622D12D1FD00822FDB /* SpeciesButton.swift in Sources */,
				1FB6BB4C2D11840000822FDB /* RegistrationViewModel+SaveUserInfo.swift in Sources */,
				1FB6BB562D12B98E00822FDB /* BusinessNumberView.swift in Sources */,
				849B46492CA570A30087716B /* RecessiveStrategy.swift in Sources */,
				1FB6BB6B2D14290F00822FDB /* FirebaseAuthService.swift in Sources */,
				1FB6BB732D1437DB00822FDB /* SplashViewModel.swift in Sources */,
				1FB6BB6E2D142AA000822FDB /* ProfileViewModel+SaveProfile.swift in Sources */,
				849B464D2CA571090087716B /* CodominantStrategy.swift in Sources */,
				1FB6BB342D0E9D8B00822FDB /* OutLinedTextField.swift in Sources */,
				1FB6BB472D11819F00822FDB /* ProfileViewModel.swift in Sources */,
				1F3955352D099625004DEC2B /* Color.swift in Sources */,
				1FB6BB702D142C6900822FDB /* MainView.swift in Sources */,
				849B46452CA56FD00087716B /* InheritanceStrategy.swift in Sources */,
				1FB6BB542D119C3B00822FDB /* GridButton.swift in Sources */,
				1FB6BB322D0E955D00822FDB /* View+MaxLength.swift in Sources */,
				1FB6BB302D0E952300822FDB /* MaxLengthModifier.swift in Sources */,
				1FB6BB242D0D07CC00822FDB /* RegistrationViewModel.swift in Sources */,
				1FB6BB602D12CEEF00822FDB /* Species.swift in Sources */,
				849B46432CA56EC00087716B /* MorphManager.swift in Sources */,
				1FB6BB452D117B1400822FDB /* ProfileView.swift in Sources */,
				1FB6BB502D11852900822FDB /* RegistrationViewModel+verifyCode.swift in Sources */,
				849B46472CA570870087716B /* DominantStrategy.swift in Sources */,
				849B46512CA574920087716B /* MorphCalculatorView.swift in Sources */,
				1FB6BB522D118BE800822FDB /* UserTypeView.swift in Sources */,
				1FB6BB262D0D08EF00822FDB /* PersonalInfoView.swift in Sources */,
				1FB6BB662D14168A00822FDB /* ProfileComplitionView.swift in Sources */,
				849B46402CA56E060087716B /* MorphCalculatorViewModel.swift in Sources */,
				1FA6EB462D07FDFF0078EAA8 /* SplashView.swift in Sources */,
				1FB6BB202D0D061000822FDB /* RegistrationView.swift in Sources */,
				1FB6BB2B2D0D099300822FDB /* VerificationCodeView.swift in Sources */,
			);
			runOnlyForDeploymentPostprocessing = 0;
		};
/* End PBXSourcesBuildPhase section */

/* Begin XCBuildConfiguration section */
		849472492C95781400E68946 /* Debug */ = {
			isa = XCBuildConfiguration;
			buildSettings = {
				ALWAYS_SEARCH_USER_PATHS = NO;
				ASSETCATALOG_COMPILER_GENERATE_SWIFT_ASSET_SYMBOL_EXTENSIONS = YES;
				CLANG_ANALYZER_NONNULL = YES;
				CLANG_ANALYZER_NUMBER_OBJECT_CONVERSION = YES_AGGRESSIVE;
				CLANG_CXX_LANGUAGE_STANDARD = "gnu++20";
				CLANG_ENABLE_MODULES = YES;
				CLANG_ENABLE_OBJC_ARC = YES;
				CLANG_ENABLE_OBJC_WEAK = YES;
				CLANG_WARN_BLOCK_CAPTURE_AUTORELEASING = YES;
				CLANG_WARN_BOOL_CONVERSION = YES;
				CLANG_WARN_COMMA = YES;
				CLANG_WARN_CONSTANT_CONVERSION = YES;
				CLANG_WARN_DEPRECATED_OBJC_IMPLEMENTATIONS = YES;
				CLANG_WARN_DIRECT_OBJC_ISA_USAGE = YES_ERROR;
				CLANG_WARN_DOCUMENTATION_COMMENTS = YES;
				CLANG_WARN_EMPTY_BODY = YES;
				CLANG_WARN_ENUM_CONVERSION = YES;
				CLANG_WARN_INFINITE_RECURSION = YES;
				CLANG_WARN_INT_CONVERSION = YES;
				CLANG_WARN_NON_LITERAL_NULL_CONVERSION = YES;
				CLANG_WARN_OBJC_IMPLICIT_RETAIN_SELF = YES;
				CLANG_WARN_OBJC_LITERAL_CONVERSION = YES;
				CLANG_WARN_OBJC_ROOT_CLASS = YES_ERROR;
				CLANG_WARN_QUOTED_INCLUDE_IN_FRAMEWORK_HEADER = YES;
				CLANG_WARN_RANGE_LOOP_ANALYSIS = YES;
				CLANG_WARN_STRICT_PROTOTYPES = YES;
				CLANG_WARN_SUSPICIOUS_MOVE = YES;
				CLANG_WARN_UNGUARDED_AVAILABILITY = YES_AGGRESSIVE;
				CLANG_WARN_UNREACHABLE_CODE = YES;
				CLANG_WARN__DUPLICATE_METHOD_MATCH = YES;
				COPY_PHASE_STRIP = NO;
				DEBUG_INFORMATION_FORMAT = dwarf;
				ENABLE_STRICT_OBJC_MSGSEND = YES;
				ENABLE_TESTABILITY = YES;
				ENABLE_USER_SCRIPT_SANDBOXING = YES;
				GCC_C_LANGUAGE_STANDARD = gnu17;
				GCC_DYNAMIC_NO_PIC = NO;
				GCC_NO_COMMON_BLOCKS = YES;
				GCC_OPTIMIZATION_LEVEL = 0;
				GCC_PREPROCESSOR_DEFINITIONS = (
					"DEBUG=1",
					"$(inherited)",
				);
				GCC_WARN_64_TO_32_BIT_CONVERSION = YES;
				GCC_WARN_ABOUT_RETURN_TYPE = YES_ERROR;
				GCC_WARN_UNDECLARED_SELECTOR = YES;
				GCC_WARN_UNINITIALIZED_AUTOS = YES_AGGRESSIVE;
				GCC_WARN_UNUSED_FUNCTION = YES;
				GCC_WARN_UNUSED_VARIABLE = YES;
				LOCALIZATION_PREFERS_STRING_CATALOGS = YES;
				MTL_ENABLE_DEBUG_INFO = INCLUDE_SOURCE;
				MTL_FAST_MATH = YES;
				ONLY_ACTIVE_ARCH = YES;
				SWIFT_ACTIVE_COMPILATION_CONDITIONS = "DEBUG $(inherited)";
				SWIFT_OPTIMIZATION_LEVEL = "-Onone";
			};
			name = Debug;
		};
		8494724A2C95781400E68946 /* Release */ = {
			isa = XCBuildConfiguration;
			buildSettings = {
				ALWAYS_SEARCH_USER_PATHS = NO;
				ASSETCATALOG_COMPILER_GENERATE_SWIFT_ASSET_SYMBOL_EXTENSIONS = YES;
				CLANG_ANALYZER_NONNULL = YES;
				CLANG_ANALYZER_NUMBER_OBJECT_CONVERSION = YES_AGGRESSIVE;
				CLANG_CXX_LANGUAGE_STANDARD = "gnu++20";
				CLANG_ENABLE_MODULES = YES;
				CLANG_ENABLE_OBJC_ARC = YES;
				CLANG_ENABLE_OBJC_WEAK = YES;
				CLANG_WARN_BLOCK_CAPTURE_AUTORELEASING = YES;
				CLANG_WARN_BOOL_CONVERSION = YES;
				CLANG_WARN_COMMA = YES;
				CLANG_WARN_CONSTANT_CONVERSION = YES;
				CLANG_WARN_DEPRECATED_OBJC_IMPLEMENTATIONS = YES;
				CLANG_WARN_DIRECT_OBJC_ISA_USAGE = YES_ERROR;
				CLANG_WARN_DOCUMENTATION_COMMENTS = YES;
				CLANG_WARN_EMPTY_BODY = YES;
				CLANG_WARN_ENUM_CONVERSION = YES;
				CLANG_WARN_INFINITE_RECURSION = YES;
				CLANG_WARN_INT_CONVERSION = YES;
				CLANG_WARN_NON_LITERAL_NULL_CONVERSION = YES;
				CLANG_WARN_OBJC_IMPLICIT_RETAIN_SELF = YES;
				CLANG_WARN_OBJC_LITERAL_CONVERSION = YES;
				CLANG_WARN_OBJC_ROOT_CLASS = YES_ERROR;
				CLANG_WARN_QUOTED_INCLUDE_IN_FRAMEWORK_HEADER = YES;
				CLANG_WARN_RANGE_LOOP_ANALYSIS = YES;
				CLANG_WARN_STRICT_PROTOTYPES = YES;
				CLANG_WARN_SUSPICIOUS_MOVE = YES;
				CLANG_WARN_UNGUARDED_AVAILABILITY = YES_AGGRESSIVE;
				CLANG_WARN_UNREACHABLE_CODE = YES;
				CLANG_WARN__DUPLICATE_METHOD_MATCH = YES;
				COPY_PHASE_STRIP = NO;
				DEBUG_INFORMATION_FORMAT = "dwarf-with-dsym";
				ENABLE_NS_ASSERTIONS = NO;
				ENABLE_STRICT_OBJC_MSGSEND = YES;
				ENABLE_USER_SCRIPT_SANDBOXING = YES;
				GCC_C_LANGUAGE_STANDARD = gnu17;
				GCC_NO_COMMON_BLOCKS = YES;
				GCC_WARN_64_TO_32_BIT_CONVERSION = YES;
				GCC_WARN_ABOUT_RETURN_TYPE = YES_ERROR;
				GCC_WARN_UNDECLARED_SELECTOR = YES;
				GCC_WARN_UNINITIALIZED_AUTOS = YES_AGGRESSIVE;
				GCC_WARN_UNUSED_FUNCTION = YES;
				GCC_WARN_UNUSED_VARIABLE = YES;
				LOCALIZATION_PREFERS_STRING_CATALOGS = YES;
				MTL_ENABLE_DEBUG_INFO = NO;
				MTL_FAST_MATH = YES;
				SWIFT_COMPILATION_MODE = wholemodule;
			};
			name = Release;
		};
		8494724C2C95781400E68946 /* Debug */ = {
			isa = XCBuildConfiguration;
			buildSettings = {
				ASSETCATALOG_COMPILER_APPICON_NAME = AppIcon;
				ASSETCATALOG_COMPILER_GLOBAL_ACCENT_COLOR_NAME = AccentColor;
				CODE_SIGN_ENTITLEMENTS = repf/repf.entitlements;
				CODE_SIGN_STYLE = Automatic;
				CURRENT_PROJECT_VERSION = 9;
				DEVELOPMENT_ASSET_PATHS = "\"repf/Preview Content\"";
				DEVELOPMENT_TEAM = 2GWU9RR652;
				ENABLE_HARDENED_RUNTIME = YES;
				ENABLE_PREVIEWS = YES;
				GENERATE_INFOPLIST_FILE = YES;
				INFOPLIST_FILE = repf/Info.plist;
				INFOPLIST_KEY_CFBundleDisplayName = "Rep:f";
				"INFOPLIST_KEY_UIApplicationSceneManifest_Generation[sdk=iphoneos*]" = YES;
				"INFOPLIST_KEY_UIApplicationSceneManifest_Generation[sdk=iphonesimulator*]" = YES;
				"INFOPLIST_KEY_UIApplicationSupportsIndirectInputEvents[sdk=iphoneos*]" = YES;
				"INFOPLIST_KEY_UIApplicationSupportsIndirectInputEvents[sdk=iphonesimulator*]" = YES;
				"INFOPLIST_KEY_UILaunchScreen_Generation[sdk=iphoneos*]" = YES;
				"INFOPLIST_KEY_UILaunchScreen_Generation[sdk=iphonesimulator*]" = YES;
				"INFOPLIST_KEY_UIStatusBarStyle[sdk=iphoneos*]" = UIStatusBarStyleDefault;
				"INFOPLIST_KEY_UIStatusBarStyle[sdk=iphonesimulator*]" = UIStatusBarStyleDefault;
				INFOPLIST_KEY_UISupportedInterfaceOrientations_iPad = "UIInterfaceOrientationPortrait UIInterfaceOrientationPortraitUpsideDown UIInterfaceOrientationLandscapeLeft UIInterfaceOrientationLandscapeRight";
				INFOPLIST_KEY_UISupportedInterfaceOrientations_iPhone = "UIInterfaceOrientationPortrait UIInterfaceOrientationLandscapeLeft UIInterfaceOrientationLandscapeRight";
				IPHONEOS_DEPLOYMENT_TARGET = 17.5;
				LD_RUNPATH_SEARCH_PATHS = "@executable_path/Frameworks";
				"LD_RUNPATH_SEARCH_PATHS[sdk=macosx*]" = "@executable_path/../Frameworks";
				MACOSX_DEPLOYMENT_TARGET = 14.5;
				MARKETING_VERSION = 1.0.0;
				PRODUCT_BUNDLE_IDENTIFIER = repfTeam.repf;
				PRODUCT_NAME = "$(TARGET_NAME)";
				SDKROOT = auto;
				SUPPORTED_PLATFORMS = "iphoneos iphonesimulator";
				SUPPORTS_MACCATALYST = NO;
				SWIFT_EMIT_LOC_STRINGS = YES;
				SWIFT_VERSION = 5.0;
				TARGETED_DEVICE_FAMILY = "1,2";
			};
			name = Debug;
		};
		8494724D2C95781400E68946 /* Release */ = {
			isa = XCBuildConfiguration;
			buildSettings = {
				ASSETCATALOG_COMPILER_APPICON_NAME = AppIcon;
				ASSETCATALOG_COMPILER_GLOBAL_ACCENT_COLOR_NAME = AccentColor;
				CODE_SIGN_ENTITLEMENTS = repf/repf.entitlements;
				CODE_SIGN_STYLE = Automatic;
				CURRENT_PROJECT_VERSION = 9;
				DEVELOPMENT_ASSET_PATHS = "\"repf/Preview Content\"";
				DEVELOPMENT_TEAM = 2GWU9RR652;
				ENABLE_HARDENED_RUNTIME = YES;
				ENABLE_PREVIEWS = YES;
				GENERATE_INFOPLIST_FILE = YES;
				INFOPLIST_FILE = repf/Info.plist;
				INFOPLIST_KEY_CFBundleDisplayName = "Rep:f";
				"INFOPLIST_KEY_UIApplicationSceneManifest_Generation[sdk=iphoneos*]" = YES;
				"INFOPLIST_KEY_UIApplicationSceneManifest_Generation[sdk=iphonesimulator*]" = YES;
				"INFOPLIST_KEY_UIApplicationSupportsIndirectInputEvents[sdk=iphoneos*]" = YES;
				"INFOPLIST_KEY_UIApplicationSupportsIndirectInputEvents[sdk=iphonesimulator*]" = YES;
				"INFOPLIST_KEY_UILaunchScreen_Generation[sdk=iphoneos*]" = YES;
				"INFOPLIST_KEY_UILaunchScreen_Generation[sdk=iphonesimulator*]" = YES;
				"INFOPLIST_KEY_UIStatusBarStyle[sdk=iphoneos*]" = UIStatusBarStyleDefault;
				"INFOPLIST_KEY_UIStatusBarStyle[sdk=iphonesimulator*]" = UIStatusBarStyleDefault;
				INFOPLIST_KEY_UISupportedInterfaceOrientations_iPad = "UIInterfaceOrientationPortrait UIInterfaceOrientationPortraitUpsideDown UIInterfaceOrientationLandscapeLeft UIInterfaceOrientationLandscapeRight";
				INFOPLIST_KEY_UISupportedInterfaceOrientations_iPhone = "UIInterfaceOrientationPortrait UIInterfaceOrientationLandscapeLeft UIInterfaceOrientationLandscapeRight";
				IPHONEOS_DEPLOYMENT_TARGET = 17.5;
				LD_RUNPATH_SEARCH_PATHS = "@executable_path/Frameworks";
				"LD_RUNPATH_SEARCH_PATHS[sdk=macosx*]" = "@executable_path/../Frameworks";
				MACOSX_DEPLOYMENT_TARGET = 14.5;
				MARKETING_VERSION = 1.0.0;
				PRODUCT_BUNDLE_IDENTIFIER = repfTeam.repf;
				PRODUCT_NAME = "$(TARGET_NAME)";
				SDKROOT = auto;
				SUPPORTED_PLATFORMS = "iphoneos iphonesimulator";
				SUPPORTS_MACCATALYST = NO;
				SWIFT_EMIT_LOC_STRINGS = YES;
				SWIFT_VERSION = 5.0;
				TARGETED_DEVICE_FAMILY = "1,2";
			};
			name = Release;
		};
/* End XCBuildConfiguration section */

/* Begin XCConfigurationList section */
		849472372C95781300E68946 /* Build configuration list for PBXProject "repf" */ = {
			isa = XCConfigurationList;
			buildConfigurations = (
				849472492C95781400E68946 /* Debug */,
				8494724A2C95781400E68946 /* Release */,
			);
			defaultConfigurationIsVisible = 0;
			defaultConfigurationName = Release;
		};
		8494724B2C95781400E68946 /* Build configuration list for PBXNativeTarget "repf" */ = {
			isa = XCConfigurationList;
			buildConfigurations = (
				8494724C2C95781400E68946 /* Debug */,
				8494724D2C95781400E68946 /* Release */,
			);
			defaultConfigurationIsVisible = 0;
			defaultConfigurationName = Release;
		};
/* End XCConfigurationList section */

/* Begin XCRemoteSwiftPackageReference section */
		1FB6BA842D09FD9500822FDB /* XCRemoteSwiftPackageReference "firebase-ios-sdk" */ = {
			isa = XCRemoteSwiftPackageReference;
			repositoryURL = "https://github.com/firebase/firebase-ios-sdk";
			requirement = {
				kind = upToNextMajorVersion;
				minimumVersion = 11.6.0;
			};
		};
/* End XCRemoteSwiftPackageReference section */

/* Begin XCSwiftPackageProductDependency section */
		1FB6BA852D09FD9500822FDB /* FirebaseAuth */ = {
			isa = XCSwiftPackageProductDependency;
			package = 1FB6BA842D09FD9500822FDB /* XCRemoteSwiftPackageReference "firebase-ios-sdk" */;
			productName = FirebaseAuth;
		};
		1FB6BA872D09FD9500822FDB /* FirebaseCore */ = {
			isa = XCSwiftPackageProductDependency;
			package = 1FB6BA842D09FD9500822FDB /* XCRemoteSwiftPackageReference "firebase-ios-sdk" */;
			productName = FirebaseCore;
		};
		1FB6BA892D09FD9500822FDB /* FirebaseFirestore */ = {
			isa = XCSwiftPackageProductDependency;
			package = 1FB6BA842D09FD9500822FDB /* XCRemoteSwiftPackageReference "firebase-ios-sdk" */;
			productName = FirebaseFirestore;
		};
		1FB6BA8B2D09FD9500822FDB /* FirebaseMessaging */ = {
			isa = XCSwiftPackageProductDependency;
			package = 1FB6BA842D09FD9500822FDB /* XCRemoteSwiftPackageReference "firebase-ios-sdk" */;
			productName = FirebaseMessaging;
		};
/* End XCSwiftPackageProductDependency section */
	};
	rootObject = 849472342C95781300E68946 /* Project object */;
}
